// !$*UTF8*$!
{
	archiveVersion = 1;
	classes = {
	};
	objectVersion = 50;
	objects = {

/* Begin PBXBuildFile section */
		FBF63C3E25E169E70011320B /* JSonDataApp.swift in Sources */ = {isa = PBXBuildFile; fileRef = FBF63C3D25E169E70011320B /* JSonDataApp.swift */; };
		FBF63C4025E169E70011320B /* ContentView.swift in Sources */ = {isa = PBXBuildFile; fileRef = FBF63C3F25E169E70011320B /* ContentView.swift */; };
		FBF63C4225E169EC0011320B /* Assets.xcassets in Resources */ = {isa = PBXBuildFile; fileRef = FBF63C4125E169EC0011320B /* Assets.xcassets */; };
		FBF63C4525E169EC0011320B /* Preview Assets.xcassets in Resources */ = {isa = PBXBuildFile; fileRef = FBF63C4425E169EC0011320B /* Preview Assets.xcassets */; };
		FBF63C4E25E2E0530011320B /* JSon.swift in Sources */ = {isa = PBXBuildFile; fileRef = FBF63C4D25E2E0530011320B /* JSon.swift */; };
		FBF63C5125E2E3000011320B /* SearchBarView.swift in Sources */ = {isa = PBXBuildFile; fileRef = FBF63C5025E2E3000011320B /* SearchBarView.swift */; };
/* End PBXBuildFile section */

/* Begin PBXFileReference section */
		FBF63C3A25E169E70011320B /* JSonData.app */ = {isa = PBXFileReference; explicitFileType = wrapper.application; includeInIndex = 0; path = JSonData.app; sourceTree = BUILT_PRODUCTS_DIR; };
		FBF63C3D25E169E70011320B /* JSonDataApp.swift */ = {isa = PBXFileReference; lastKnownFileType = sourcecode.swift; path = JSonDataApp.swift; sourceTree = "<group>"; };
		FBF63C3F25E169E70011320B /* ContentView.swift */ = {isa = PBXFileReference; lastKnownFileType = sourcecode.swift; path = ContentView.swift; sourceTree = "<group>"; };
		FBF63C4125E169EC0011320B /* Assets.xcassets */ = {isa = PBXFileReference; lastKnownFileType = folder.assetcatalog; path = Assets.xcassets; sourceTree = "<group>"; };
		FBF63C4425E169EC0011320B /* Preview Assets.xcassets */ = {isa = PBXFileReference; lastKnownFileType = folder.assetcatalog; path = "Preview Assets.xcassets"; sourceTree = "<group>"; };
		FBF63C4625E169EC0011320B /* Info.plist */ = {isa = PBXFileReference; lastKnownFileType = text.plist.xml; path = Info.plist; sourceTree = "<group>"; };
		FBF63C4D25E2E0530011320B /* JSon.swift */ = {isa = PBXFileReference; lastKnownFileType = sourcecode.swift; path = JSon.swift; sourceTree = "<group>"; };
		FBF63C5025E2E3000011320B /* SearchBarView.swift */ = {isa = PBXFileReference; lastKnownFileType = sourcecode.swift; path = SearchBarView.swift; sourceTree = "<group>"; };
/* End PBXFileReference section */

/* Begin PBXFrameworksBuildPhase section */
		FBF63C3725E169E70011320B /* Frameworks */ = {
			isa = PBXFrameworksBuildPhase;
			buildActionMask = 2147483647;
			files = (
			);
			runOnlyForDeploymentPostprocessing = 0;
		};
/* End PBXFrameworksBuildPhase section */

/* Begin PBXGroup section */
		FBF63C3125E169E70011320B = {
			isa = PBXGroup;
			children = (
				FBF63C3C25E169E70011320B /* JSonData */,
				FBF63C3B25E169E70011320B /* Products */,
			);
			sourceTree = "<group>";
		};
		FBF63C3B25E169E70011320B /* Products */ = {
			isa = PBXGroup;
			children = (
				FBF63C3A25E169E70011320B /* JSonData.app */,
			);
			name = Products;
			sourceTree = "<group>";
		};
		FBF63C3C25E169E70011320B /* JSonData */ = {
			isa = PBXGroup;
			children = (
				FBF63C4D25E2E0530011320B /* JSon.swift */,
				FBF63C3D25E169E70011320B /* JSonDataApp.swift */,
				FBF63C3F25E169E70011320B /* ContentView.swift */,
				FBF63C5025E2E3000011320B /* SearchBarView.swift */,
				FBF63C4125E169EC0011320B /* Assets.xcassets */,
				FBF63C4625E169EC0011320B /* Info.plist */,
				FBF63C4325E169EC0011320B /* Preview Content */,
			);
			path = JSonData;
			sourceTree = "<group>";
		};
		FBF63C4325E169EC0011320B /* Preview Content */ = {
			isa = PBXGroup;
			children = (
				FBF63C4425E169EC0011320B /* Preview Assets.xcassets */,
			);
			path = "Preview Content";
			sourceTree = "<group>";
		};
/* End PBXGroup section */

/* Begin PBXNativeTarget section */
		FBF63C3925E169E70011320B /* JSonData */ = {
			isa = PBXNativeTarget;
			buildConfigurationList = FBF63C4925E169EC0011320B /* Build configuration list for PBXNativeTarget "JSonData" */;
			buildPhases = (
				FBF63C3625E169E70011320B /* Sources */,
				FBF63C3725E169E70011320B /* Frameworks */,
				FBF63C3825E169E70011320B /* Resources */,
			);
			buildRules = (
			);
			dependencies = (
			);
			name = JSonData;
			productName = JSonData;
			productReference = FBF63C3A25E169E70011320B /* JSonData.app */;
			productType = "com.apple.product-type.application";
		};
/* End PBXNativeTarget section */

/* Begin PBXProject section */
		FBF63C3225E169E70011320B /* Project object */ = {
			isa = PBXProject;
			attributes = {
				LastSwiftUpdateCheck = 1230;
				LastUpgradeCheck = 1230;
				TargetAttributes = {
					FBF63C3925E169E70011320B = {
						CreatedOnToolsVersion = 12.3;
					};
				};
			};
			buildConfigurationList = FBF63C3525E169E70011320B /* Build configuration list for PBXProject "JSonData" */;
			compatibilityVersion = "Xcode 9.3";
			developmentRegion = en;
			hasScannedForEncodings = 0;
			knownRegions = (
				en,
				Base,
			);
			mainGroup = FBF63C3125E169E70011320B;
			productRefGroup = FBF63C3B25E169E70011320B /* Products */;
			projectDirPath = "";
			projectRoot = "";
			targets = (
				FBF63C3925E169E70011320B /* JSonData */,
			);
		};
/* End PBXProject section */

/* Begin PBXResourcesBuildPhase section */
		FBF63C3825E169E70011320B /* Resources */ = {
			isa = PBXResourcesBuildPhase;
			buildActionMask = 2147483647;
			files = (
				FBF63C4525E169EC0011320B /* Preview Assets.xcassets in Resources */,
				FBF63C4225E169EC0011320B /* Assets.xcassets in Resources */,
			);
			runOnlyForDeploymentPostprocessing = 0;
		};
/* End PBXResourcesBuildPhase section */

/* Begin PBXSourcesBuildPhase section */
		FBF63C3625E169E70011320B /* Sources */ = {
			isa = PBXSourcesBuildPhase;
			buildActionMask = 2147483647;
			files = (
				FBF63C5125E2E3000011320B /* SearchBarView.swift in Sources */,
				FBF63C4025E169E70011320B /* ContentView.swift in Sources */,
				FBF63C4E25E2E0530011320B /* JSon.swift in Sources */,
				FBF63C3E25E169E70011320B /* JSonDataApp.swift in Sources */,
			);
			runOnlyForDeploymentPostprocessing = 0;
		};
/* End PBXSourcesBuildPhase section */

/* Begin XCBuildConfiguration section */
		FBF63C4725E169EC0011320B /* Debug */ = {
			isa = XCBuildConfiguration;
			buildSettings = {
				ALWAYS_SEARCH_USER_PATHS = NO;
				CLANG_ANALYZER_NONNULL = YES;
				CLANG_ANALYZER_NUMBER_OBJECT_CONVERSION = YES_AGGRESSIVE;
				CLANG_CXX_LANGUAGE_STANDARD = "gnu++14";
				CLANG_CXX_LIBRARY = "libc++";
				CLANG_ENABLE_MODULES = YES;
				CLANG_ENABLE_OBJC_ARC = YES;
				CLANG_ENABLE_OBJC_WEAK = YES;
				CLANG_WARN_BLOCK_CAPTURE_AUTORELEASING = YES;
				CLANG_WARN_BOOL_CONVERSION = YES;
				CLANG_WARN_COMMA = YES;
				CLANG_WARN_CONSTANT_CONVERSION = YES;
				CLANG_WARN_DEPRECATED_OBJC_IMPLEMENTATIONS = YES;
				CLANG_WARN_DIRECT_OBJC_ISA_USAGE = YES_ERROR;
				CLANG_WARN_DOCUMENTATION_COMMENTS = YES;
				CLANG_WARN_EMPTY_BODY = YES;
				CLANG_WARN_ENUM_CONVERSION = YES;
				CLANG_WARN_INFINITE_RECURSION = YES;
				CLANG_WARN_INT_CONVERSION = YES;
				CLANG_WARN_NON_LITERAL_NULL_CONVERSION = YES;
				CLANG_WARN_OBJC_IMPLICIT_RETAIN_SELF = YES;
				CLANG_WARN_OBJC_LITERAL_CONVERSION = YES;
				CLANG_WARN_OBJC_ROOT_CLASS = YES_ERROR;
				CLANG_WARN_QUOTED_INCLUDE_IN_FRAMEWORK_HEADER = YES;
				CLANG_WARN_RANGE_LOOP_ANALYSIS = YES;
				CLANG_WARN_STRICT_PROTOTYPES = YES;
				CLANG_WARN_SUSPICIOUS_MOVE = YES;
				CLANG_WARN_UNGUARDED_AVAILABILITY = YES_AGGRESSIVE;
				CLANG_WARN_UNREACHABLE_CODE = YES;
				CLANG_WARN__DUPLICATE_METHOD_MATCH = YES;
				COPY_PHASE_STRIP = NO;
				DEBUG_INFORMATION_FORMAT = dwarf;
				ENABLE_STRICT_OBJC_MSGSEND = YES;
				ENABLE_TESTABILITY = YES;
				GCC_C_LANGUAGE_STANDARD = gnu11;
				GCC_DYNAMIC_NO_PIC = NO;
				GCC_NO_COMMON_BLOCKS = YES;
				GCC_OPTIMIZATION_LEVEL = 0;
				GCC_PREPROCESSOR_DEFINITIONS = (
					"DEBUG=1",
					"$(inherited)",
				);
				GCC_WARN_64_TO_32_BIT_CONVERSION = YES;
				GCC_WARN_ABOUT_RETURN_TYPE = YES_ERROR;
				GCC_WARN_UNDECLARED_SELECTOR = YES;
				GCC_WARN_UNINITIALIZED_AUTOS = YES_AGGRESSIVE;
				GCC_WARN_UNUSED_FUNCTION = YES;
				GCC_WARN_UNUSED_VARIABLE = YES;
				IPHONEOS_DEPLOYMENT_TARGET = 14.3;
				MTL_ENABLE_DEBUG_INFO = INCLUDE_SOURCE;
				MTL_FAST_MATH = YES;
				ONLY_ACTIVE_ARCH = YES;
				SDKROOT = iphoneos;
				SWIFT_ACTIVE_COMPILATION_CONDITIONS = DEBUG;
				SWIFT_OPTIMIZATION_LEVEL = "-Onone";
			};
			name = Debug;
		};
		FBF63C4825E169EC0011320B /* Release */ = {
			isa = XCBuildConfiguration;
			buildSettings = {
				ALWAYS_SEARCH_USER_PATHS = NO;
				CLANG_ANALYZER_NONNULL = YES;
				CLANG_ANALYZER_NUMBER_OBJECT_CONVERSION = YES_AGGRESSIVE;
				CLANG_CXX_LANGUAGE_STANDARD = "gnu++14";
				CLANG_CXX_LIBRARY = "libc++";
				CLANG_ENABLE_MODULES = YES;
				CLANG_ENABLE_OBJC_ARC = YES;
				CLANG_ENABLE_OBJC_WEAK = YES;
				CLANG_WARN_BLOCK_CAPTURE_AUTORELEASING = YES;
				CLANG_WARN_BOOL_CONVERSION = YES;
				CLANG_WARN_COMMA = YES;
				CLANG_WARN_CONSTANT_CONVERSION = YES;
				CLANG_WARN_DEPRECATED_OBJC_IMPLEMENTATIONS = YES;
				CLANG_WARN_DIRECT_OBJC_ISA_USAGE = YES_ERROR;
				CLANG_WARN_DOCUMENTATION_COMMENTS = YES;
				CLANG_WARN_EMPTY_BODY = YES;
				CLANG_WARN_ENUM_CONVERSION = YES;
				CLANG_WARN_INFINITE_RECURSION = YES;
				CLANG_WARN_INT_CONVERSION = YES;
				CLANG_WARN_NON_LITERAL_NULL_CONVERSION = YES;
				CLANG_WARN_OBJC_IMPLICIT_RETAIN_SELF = YES;
				CLANG_WARN_OBJC_LITERAL_CONVERSION = YES;
				CLANG_WARN_OBJC_ROOT_CLASS = YES_ERROR;
				CLANG_WARN_QUOTED_INCLUDE_IN_FRAMEWORK_HEADER = YES;
				CLANG_WARN_RANGE_LOOP_ANALYSIS = YES;
				CLANG_WARN_STRICT_PROTOTYPES = YES;
				CLANG_WARN_SUSPICIOUS_MOVE = YES;
				CLANG_WARN_UNGUARDED_AVAILABILITY = YES_AGGRESSIVE;
				CLANG_WARN_UNREACHABLE_CODE = YES;
				CLANG_WARN__DUPLICATE_METHOD_MATCH = YES;
				COPY_PHASE_STRIP = NO;
				DEBUG_INFORMATION_FORMAT = "dwarf-with-dsym";
				ENABLE_NS_ASSERTIONS = NO;
				ENABLE_STRICT_OBJC_MSGSEND = YES;
				GCC_C_LANGUAGE_STANDARD = gnu11;
				GCC_NO_COMMON_BLOCKS = YES;
				GCC_WARN_64_TO_32_BIT_CONVERSION = YES;
				GCC_WARN_ABOUT_RETURN_TYPE = YES_ERROR;
				GCC_WARN_UNDECLARED_SELECTOR = YES;
				GCC_WARN_UNINITIALIZED_AUTOS = YES_AGGRESSIVE;
				GCC_WARN_UNUSED_FUNCTION = YES;
				GCC_WARN_UNUSED_VARIABLE = YES;
				IPHONEOS_DEPLOYMENT_TARGET = 14.3;
				MTL_ENABLE_DEBUG_INFO = NO;
				MTL_FAST_MATH = YES;
				SDKROOT = iphoneos;
				SWIFT_COMPILATION_MODE = wholemodule;
				SWIFT_OPTIMIZATION_LEVEL = "-O";
				VALIDATE_PRODUCT = YES;
			};
			name = Release;
		};
		FBF63C4A25E169EC0011320B /* Debug */ = {
			isa = XCBuildConfiguration;
			buildSettings = {
				ASSETCATALOG_COMPILER_APPICON_NAME = AppIcon;
				ASSETCATALOG_COMPILER_GLOBAL_ACCENT_COLOR_NAME = AccentColor;
				CODE_SIGN_STYLE = Automatic;
				DEVELOPMENT_ASSET_PATHS = "\"JSonData/Preview Content\"";
				DEVELOPMENT_TEAM = MVTMGC7XMB;
				ENABLE_PREVIEWS = YES;
				INFOPLIST_FILE = JSonData/Info.plist;
				IPHONEOS_DEPLOYMENT_TARGET = 14.0;
				LD_RUNPATH_SEARCH_PATHS = (
					"$(inherited)",
					"@executable_path/Frameworks",
				);
				PRODUCT_BUNDLE_IDENTIFIER = ca.stevenzhang.JSonData;
				PRODUCT_NAME = "$(TARGET_NAME)";
				SWIFT_VERSION = 5.0;
				TARGETED_DEVICE_FAMILY = "1,2";
			};
			name = Debug;
		};
		FBF63C4B25E169EC0011320B /* Release */ = {
			isa = XCBuildConfiguration;
			buildSettings = {
				ASSETCATALOG_COMPILER_APPICON_NAME = AppIcon;
				ASSETCATALOG_COMPILER_GLOBAL_ACCENT_COLOR_NAME = AccentColor;
				CODE_SIGN_STYLE = Automatic;
				DEVELOPMENT_ASSET_PATHS = "\"JSonData/Preview Content\"";
				DEVELOPMENT_TEAM = MVTMGC7XMB;
				ENABLE_PREVIEWS = YES;
				INFOPLIST_FILE = JSonData/Info.plist;
				IPHONEOS_DEPLOYMENT_TARGET = 14.0;
				LD_RUNPATH_SEARCH_PATHS = (
					"$(inherited)",
					"@executable_path/Frameworks",
				);
				PRODUCT_BUNDLE_IDENTIFIER = ca.stevenzhang.JSonData;
				PRODUCT_NAME = "$(TARGET_NAME)";
				SWIFT_VERSION = 5.0;
				TARGETED_DEVICE_FAMILY = "1,2";
			};
			name = Release;
		};
/* End XCBuildConfiguration section */

/* Begin XCConfigurationList section */
		FBF63C3525E169E70011320B /* Build configuration list for PBXProject "JSonData" */ = {
			isa = XCConfigurationList;
			buildConfigurations = (
				FBF63C4725E169EC0011320B /* Debug */,
				FBF63C4825E169EC0011320B /* Release */,
			);
			defaultConfigurationIsVisible = 0;
			defaultConfigurationName = Release;
		};
		FBF63C4925E169EC0011320B /* Build configuration list for PBXNativeTarget "JSonData" */ = {
			isa = XCConfigurationList;
			buildConfigurations = (
				FBF63C4A25E169EC0011320B /* Debug */,
				FBF63C4B25E169EC0011320B /* Release */,
			);
			defaultConfigurationIsVisible = 0;
			defaultConfigurationName = Release;
		};
/* End XCConfigurationList section */
	};
	rootObject = FBF63C3225E169E70011320B /* Project object */;
}
